
Microsoft Visual Studio Solution File, Format Version 12.00
# Visual Studio Version 17
VisualStudioVersion = 17.7.34009.444
MinimumVisualStudioVersion = 10.0.40219.1
Project("{FAE04EC0-301F-11D3-BF4B-00C04F79EFBC}") = "WpfAllatkereskedes", "WpfAllatkereskedes\WpfAllatkereskedes.csproj", "{079E14DA-096D-4CBE-BA4C-4361B013248B}"
EndProject
Global
	GlobalSection(SolutionConfigurationPlatforms) = preSolution
		Debug|Any CPU = Debug|Any CPU
		Release|Any CPU = Release|Any CPU
	EndGlobalSection
	GlobalSection(ProjectConfigurationPlatforms) = postSolution
		{079E14DA-096D-4CBE-BA4C-4361B013248B}.Debug|Any CPU.ActiveCfg = Debug|Any CPU
		{079E14DA-096D-4CBE-BA4C-4361B013248B}.Debug|Any CPU.Build.0 = Debug|Any CPU
		{079E14DA-096D-4CBE-BA4C-4361B013248B}.Release|Any CPU.ActiveCfg = Release|Any CPU
		{079E14DA-096D-4CBE-BA4C-4361B013248B}.Release|Any CPU.Build.0 = Release|Any CPU
	EndGlobalSection
	GlobalSection(SolutionProperties) = preSolution
		HideSolutionNode = FALSE
	EndGlobalSection
	GlobalSection(ExtensibilityGlobals) = postSolution
		SolutionGuid = {6C9430B1-3E1A-476B-8307-30096F0ECF2B}
	EndGlobalSection
EndGlobal
